
Microsoft Visual Studio Solution File, Format Version 12.00
# Visual Studio 15
VisualStudioVersion = 15.0.27130.2003
MinimumVisualStudioVersion = 10.0.40219.1
Project("{9A19103F-16F7-4668-BE54-9A1E7A4F7556}") = "Nexplorer.Domain", "Nexplorer.Domain\Nexplorer.Domain.csproj", "{2BA381D1-6C71-4F5F-8BBA-EB85A2DBC9D2}"
EndProject
Project("{9A19103F-16F7-4668-BE54-9A1E7A4F7556}") = "Nexplorer.Sync", "Nexplorer.Sync\Nexplorer.Sync.csproj", "{D084D0BC-6709-4C98-9058-3AA1B280CA16}"
EndProject
Project("{9A19103F-16F7-4668-BE54-9A1E7A4F7556}") = "Nexplorer.Web", "Nexplorer.Web\Nexplorer.Web.csproj", "{983B1FD0-8CF5-42A6-951A-B2B51F21EE7F}"
EndProject
Project("{9A19103F-16F7-4668-BE54-9A1E7A4F7556}") = "Nexplorer.Config", "Nexplorer.Config\Nexplorer.Config.csproj", "{7AED7643-15D2-4190-A7BB-BFC9C0E2E612}"
EndProject
Project("{9A19103F-16F7-4668-BE54-9A1E7A4F7556}") = "Nexplorer.Core", "Nexplorer.Core\Nexplorer.Core.csproj", "{5164EFA9-BDFB-4C18-879D-54F6F93A1631}"
EndProject
Project("{9A19103F-16F7-4668-BE54-9A1E7A4F7556}") = "Nexplorer.Data", "Nexplorer.Data\Nexplorer.Data.csproj", "{D9E16D5E-2234-4359-A952-B180666F6B4B}"
EndProject
Project("{9A19103F-16F7-4668-BE54-9A1E7A4F7556}") = "Nexplorer.Infrastructure", "Nexplorer.Infrastructure\Nexplorer.Infrastructure.csproj", "{DD42FE84-707C-4F38-A3CC-6352BF7C5DA1}"
EndProject
Project("{9A19103F-16F7-4668-BE54-9A1E7A4F7556}") = "Nexplorer.Tools", "Nexplorer.Tools\Nexplorer.Tools.csproj", "{9A1A8F3F-45BC-4326-9E89-0C89AEDCD636}"
EndProject
Project("{9A19103F-16F7-4668-BE54-9A1E7A4F7556}") = "Boxsie.DotNetNexusClient", "DotNetNexusClient\Boxsie.DotNetNexusClient\Boxsie.DotNetNexusClient.csproj", "{126630F7-983C-4EDF-BF27-4C0F16C60590}"
EndProject
Global
	GlobalSection(SolutionConfigurationPlatforms) = preSolution
		Debug|Any CPU = Debug|Any CPU
		Release|Any CPU = Release|Any CPU
	EndGlobalSection
	GlobalSection(ProjectConfigurationPlatforms) = postSolution
		{2BA381D1-6C71-4F5F-8BBA-EB85A2DBC9D2}.Debug|Any CPU.ActiveCfg = Debug|Any CPU
		{2BA381D1-6C71-4F5F-8BBA-EB85A2DBC9D2}.Debug|Any CPU.Build.0 = Debug|Any CPU
		{2BA381D1-6C71-4F5F-8BBA-EB85A2DBC9D2}.Release|Any CPU.ActiveCfg = Release|Any CPU
		{2BA381D1-6C71-4F5F-8BBA-EB85A2DBC9D2}.Release|Any CPU.Build.0 = Release|Any CPU
		{D084D0BC-6709-4C98-9058-3AA1B280CA16}.Debug|Any CPU.ActiveCfg = Debug|Any CPU
		{D084D0BC-6709-4C98-9058-3AA1B280CA16}.Debug|Any CPU.Build.0 = Debug|Any CPU
		{D084D0BC-6709-4C98-9058-3AA1B280CA16}.Release|Any CPU.ActiveCfg = Release|Any CPU
		{D084D0BC-6709-4C98-9058-3AA1B280CA16}.Release|Any CPU.Build.0 = Release|Any CPU
		{983B1FD0-8CF5-42A6-951A-B2B51F21EE7F}.Debug|Any CPU.ActiveCfg = Debug|Any CPU
		{983B1FD0-8CF5-42A6-951A-B2B51F21EE7F}.Debug|Any CPU.Build.0 = Debug|Any CPU
		{983B1FD0-8CF5-42A6-951A-B2B51F21EE7F}.Release|Any CPU.ActiveCfg = Release|Any CPU
		{983B1FD0-8CF5-42A6-951A-B2B51F21EE7F}.Release|Any CPU.Build.0 = Release|Any CPU
		{7AED7643-15D2-4190-A7BB-BFC9C0E2E612}.Debug|Any CPU.ActiveCfg = Debug|Any CPU
		{7AED7643-15D2-4190-A7BB-BFC9C0E2E612}.Debug|Any CPU.Build.0 = Debug|Any CPU
		{7AED7643-15D2-4190-A7BB-BFC9C0E2E612}.Release|Any CPU.ActiveCfg = Release|Any CPU
		{7AED7643-15D2-4190-A7BB-BFC9C0E2E612}.Release|Any CPU.Build.0 = Release|Any CPU
		{5164EFA9-BDFB-4C18-879D-54F6F93A1631}.Debug|Any CPU.ActiveCfg = Debug|Any CPU
		{5164EFA9-BDFB-4C18-879D-54F6F93A1631}.Debug|Any CPU.Build.0 = Debug|Any CPU
		{5164EFA9-BDFB-4C18-879D-54F6F93A1631}.Release|Any CPU.ActiveCfg = Release|Any CPU
		{5164EFA9-BDFB-4C18-879D-54F6F93A1631}.Release|Any CPU.Build.0 = Release|Any CPU
		{D9E16D5E-2234-4359-A952-B180666F6B4B}.Debug|Any CPU.ActiveCfg = Debug|Any CPU
		{D9E16D5E-2234-4359-A952-B180666F6B4B}.Debug|Any CPU.Build.0 = Debug|Any CPU
		{D9E16D5E-2234-4359-A952-B180666F6B4B}.Release|Any CPU.ActiveCfg = Release|Any CPU
		{D9E16D5E-2234-4359-A952-B180666F6B4B}.Release|Any CPU.Build.0 = Release|Any CPU
		{DD42FE84-707C-4F38-A3CC-6352BF7C5DA1}.Debug|Any CPU.ActiveCfg = Debug|Any CPU
		{DD42FE84-707C-4F38-A3CC-6352BF7C5DA1}.Debug|Any CPU.Build.0 = Debug|Any CPU
		{DD42FE84-707C-4F38-A3CC-6352BF7C5DA1}.Release|Any CPU.ActiveCfg = Release|Any CPU
		{DD42FE84-707C-4F38-A3CC-6352BF7C5DA1}.Release|Any CPU.Build.0 = Release|Any CPU
		{9A1A8F3F-45BC-4326-9E89-0C89AEDCD636}.Debug|Any CPU.ActiveCfg = Debug|Any CPU
		{9A1A8F3F-45BC-4326-9E89-0C89AEDCD636}.Debug|Any CPU.Build.0 = Debug|Any CPU
		{9A1A8F3F-45BC-4326-9E89-0C89AEDCD636}.Release|Any CPU.ActiveCfg = Release|Any CPU
		{9A1A8F3F-45BC-4326-9E89-0C89AEDCD636}.Release|Any CPU.Build.0 = Release|Any CPU
		{126630F7-983C-4EDF-BF27-4C0F16C60590}.Debug|Any CPU.ActiveCfg = Debug|Any CPU
		{126630F7-983C-4EDF-BF27-4C0F16C60590}.Debug|Any CPU.Build.0 = Debug|Any CPU
		{126630F7-983C-4EDF-BF27-4C0F16C60590}.Release|Any CPU.ActiveCfg = Release|Any CPU
		{126630F7-983C-4EDF-BF27-4C0F16C60590}.Release|Any CPU.Build.0 = Release|Any CPU
	EndGlobalSection
	GlobalSection(SolutionProperties) = preSolution
		HideSolutionNode = FALSE
	EndGlobalSection
	GlobalSection(ExtensibilityGlobals) = postSolution
		SolutionGuid = {25208187-68D4-45A4-9425-EECCA0E95758}
	EndGlobalSection
EndGlobal
